// !$*UTF8*$!
{
	archiveVersion = 1;
	classes = {
	};
	objectVersion = 46;
	objects = {

/* Begin PBXBuildFile section */
		2E2547911B0C2D23008B63DC /* DecorationPlanet.swift in Sources */ = {isa = PBXBuildFile; fileRef = 2E2547901B0C2D23008B63DC /* DecorationPlanet.swift */; };
		2E5B84C81B1BD40B00E08FD5 /* CAAnimationDelegate.swift in Sources */ = {isa = PBXBuildFile; fileRef = 2E5B84C71B1BD40B00E08FD5 /* CAAnimationDelegate.swift */; };
		2E5B84CA1B1BE59A00E08FD5 /* main menu planet.png in Resources */ = {isa = PBXBuildFile; fileRef = 2E5B84C91B1BE59A00E08FD5 /* main menu planet.png */; };
		2E5B84CC1B1BEF8B00E08FD5 /* planet.png in Resources */ = {isa = PBXBuildFile; fileRef = 2E5B84CB1B1BEF8B00E08FD5 /* planet.png */; };
		2ED72F7E1B0A55C700D5FA13 /* Main.storyboard in Resources */ = {isa = PBXBuildFile; fileRef = 446E27A31B04CBA00020DB7A /* Main.storyboard */; };
		2ED72F801B0A55CA00D5FA13 /* LaunchScreen.xib in Resources */ = {isa = PBXBuildFile; fileRef = 446E27A11B04CBA00020DB7A /* LaunchScreen.xib */; };
		2ED72F831B0A586800D5FA13 /* PlanetTouch.swift in Sources */ = {isa = PBXBuildFile; fileRef = 2ED72F821B0A586800D5FA13 /* PlanetTouch.swift */; };
		446E27AC1B04CBA00020DB7A /* AppDelegate.swift in Sources */ = {isa = PBXBuildFile; fileRef = 446E279F1B04CBA00020DB7A /* AppDelegate.swift */; };
		446E27AF1B04CBA00020DB7A /* CGPointVector.swift in Sources */ = {isa = PBXBuildFile; fileRef = 446E27A51B04CBA00020DB7A /* CGPointVector.swift */; };
		446E27B01B04CBA00020DB7A /* GameScene.sks in Resources */ = {isa = PBXBuildFile; fileRef = 446E27A61B04CBA00020DB7A /* GameScene.sks */; };
		446E27B11B04CBA00020DB7A /* GameScene.swift in Sources */ = {isa = PBXBuildFile; fileRef = 446E27A71B04CBA00020DB7A /* GameScene.swift */; };
		446E27B21B04CBA00020DB7A /* MainViewController.swift in Sources */ = {isa = PBXBuildFile; fileRef = 446E27A81B04CBA00020DB7A /* MainViewController.swift */; };
		446E27B31B04CBA00020DB7A /* Images.xcassets in Resources */ = {isa = PBXBuildFile; fileRef = 446E27A91B04CBA00020DB7A /* Images.xcassets */; };
		446E27B51B04CBA00020DB7A /* Planet.swift in Sources */ = {isa = PBXBuildFile; fileRef = 446E27AB1B04CBA00020DB7A /* Planet.swift */; };
		446E27B71B04CC150020DB7A /* OrbitTests.swift in Sources */ = {isa = PBXBuildFile; fileRef = 446E27B61B04CC150020DB7A /* OrbitTests.swift */; };
		446E27BD1B04D9410020DB7A /* PathDot.swift in Sources */ = {isa = PBXBuildFile; fileRef = 446E27BC1B04D9410020DB7A /* PathDot.swift */; };
/* End PBXBuildFile section */

/* Begin PBXContainerItemProxy section */
		446E27901B04CB220020DB7A /* PBXContainerItemProxy */ = {
			isa = PBXContainerItemProxy;
			containerPortal = 446E276E1B04CB220020DB7A /* Project object */;
			proxyType = 1;
			remoteGlobalIDString = 446E27751B04CB220020DB7A;
			remoteInfo = Orbit;
		};
/* End PBXContainerItemProxy section */

/* Begin PBXFileReference section */
		2E2547901B0C2D23008B63DC /* DecorationPlanet.swift */ = {isa = PBXFileReference; fileEncoding = 4; lastKnownFileType = sourcecode.swift; path = DecorationPlanet.swift; sourceTree = "<group>"; };
		2E5B84C71B1BD40B00E08FD5 /* CAAnimationDelegate.swift */ = {isa = PBXFileReference; fileEncoding = 4; lastKnownFileType = sourcecode.swift; path = CAAnimationDelegate.swift; sourceTree = "<group>"; };
		2E5B84C91B1BE59A00E08FD5 /* main menu planet.png */ = {isa = PBXFileReference; lastKnownFileType = image.png; path = "main menu planet.png"; sourceTree = "<group>"; };
		2E5B84CB1B1BEF8B00E08FD5 /* planet.png */ = {isa = PBXFileReference; lastKnownFileType = image.png; path = planet.png; sourceTree = "<group>"; };
		2ED72F821B0A586800D5FA13 /* PlanetTouch.swift */ = {isa = PBXFileReference; fileEncoding = 4; lastKnownFileType = sourcecode.swift; path = PlanetTouch.swift; sourceTree = "<group>"; };
		446E27761B04CB220020DB7A /* Orbit.app */ = {isa = PBXFileReference; explicitFileType = wrapper.application; includeInIndex = 0; path = Orbit.app; sourceTree = BUILT_PRODUCTS_DIR; };
		446E277A1B04CB220020DB7A /* Info.plist */ = {isa = PBXFileReference; lastKnownFileType = text.plist.xml; path = Info.plist; sourceTree = "<group>"; };
		446E278F1B04CB220020DB7A /* OrbitTests.xctest */ = {isa = PBXFileReference; explicitFileType = wrapper.cfbundle; includeInIndex = 0; path = OrbitTests.xctest; sourceTree = BUILT_PRODUCTS_DIR; };
		446E279F1B04CBA00020DB7A /* AppDelegate.swift */ = {isa = PBXFileReference; fileEncoding = 4; lastKnownFileType = sourcecode.swift; path = AppDelegate.swift; sourceTree = "<group>"; };
		446E27A21B04CBA00020DB7A /* Base */ = {isa = PBXFileReference; lastKnownFileType = file.xib; name = Base; path = LaunchScreen.xib; sourceTree = "<group>"; };
		446E27A41B04CBA00020DB7A /* Base */ = {isa = PBXFileReference; lastKnownFileType = file.storyboard; name = Base; path = Main.storyboard; sourceTree = "<group>"; };
		446E27A51B04CBA00020DB7A /* CGPointVector.swift */ = {isa = PBXFileReference; fileEncoding = 4; lastKnownFileType = sourcecode.swift; path = CGPointVector.swift; sourceTree = "<group>"; };
		446E27A61B04CBA00020DB7A /* GameScene.sks */ = {isa = PBXFileReference; lastKnownFileType = file.sks; path = GameScene.sks; sourceTree = "<group>"; };
		446E27A71B04CBA00020DB7A /* GameScene.swift */ = {isa = PBXFileReference; fileEncoding = 4; lastKnownFileType = sourcecode.swift; path = GameScene.swift; sourceTree = "<group>"; };
		446E27A81B04CBA00020DB7A /* MainViewController.swift */ = {isa = PBXFileReference; fileEncoding = 4; lastKnownFileType = sourcecode.swift; path = MainViewController.swift; sourceTree = "<group>"; };
		446E27A91B04CBA00020DB7A /* Images.xcassets */ = {isa = PBXFileReference; lastKnownFileType = folder.assetcatalog; path = Images.xcassets; sourceTree = "<group>"; };
		446E27AB1B04CBA00020DB7A /* Planet.swift */ = {isa = PBXFileReference; fileEncoding = 4; lastKnownFileType = sourcecode.swift; path = Planet.swift; sourceTree = "<group>"; };
		446E27B61B04CC150020DB7A /* OrbitTests.swift */ = {isa = PBXFileReference; fileEncoding = 4; lastKnownFileType = sourcecode.swift; path = OrbitTests.swift; sourceTree = "<group>"; };
		446E27B81B04CC1A0020DB7A /* Info.plist */ = {isa = PBXFileReference; fileEncoding = 4; lastKnownFileType = text.plist.xml; path = Info.plist; sourceTree = "<group>"; };
		446E27BC1B04D9410020DB7A /* PathDot.swift */ = {isa = PBXFileReference; fileEncoding = 4; lastKnownFileType = sourcecode.swift; path = PathDot.swift; sourceTree = "<group>"; };
/* End PBXFileReference section */

/* Begin PBXFrameworksBuildPhase section */
		446E27731B04CB220020DB7A /* Frameworks */ = {
			isa = PBXFrameworksBuildPhase;
			buildActionMask = 2147483647;
			files = (
			);
			runOnlyForDeploymentPostprocessing = 0;
		};
		446E278C1B04CB220020DB7A /* Frameworks */ = {
			isa = PBXFrameworksBuildPhase;
			buildActionMask = 2147483647;
			files = (
			);
			runOnlyForDeploymentPostprocessing = 0;
		};
/* End PBXFrameworksBuildPhase section */

/* Begin PBXGroup section */
		2E5B84C61B1BD3E600E08FD5 /* Extensions */ = {
			isa = PBXGroup;
			children = (
				446E27A51B04CBA00020DB7A /* CGPointVector.swift */,
				2E5B84C71B1BD40B00E08FD5 /* CAAnimationDelegate.swift */,
			);
			name = Extensions;
			sourceTree = "<group>";
		};
		446E276D1B04CB220020DB7A = {
			isa = PBXGroup;
			children = (
				446E27781B04CB220020DB7A /* Orbit */,
				446E27921B04CB220020DB7A /* OrbitTests */,
				446E27771B04CB220020DB7A /* Products */,
			);
			sourceTree = "<group>";
		};
		446E27771B04CB220020DB7A /* Products */ = {
			isa = PBXGroup;
			children = (
				446E27761B04CB220020DB7A /* Orbit.app */,
				446E278F1B04CB220020DB7A /* OrbitTests.xctest */,
			);
			name = Products;
			sourceTree = "<group>";
		};
		446E27781B04CB220020DB7A /* Orbit */ = {
			isa = PBXGroup;
			children = (
				446E27A11B04CBA00020DB7A /* LaunchScreen.xib */,
				446E279F1B04CBA00020DB7A /* AppDelegate.swift */,
				446E27A31B04CBA00020DB7A /* Main.storyboard */,
				446E27A81B04CBA00020DB7A /* MainViewController.swift */,
				446E27A61B04CBA00020DB7A /* GameScene.sks */,
				446E27A71B04CBA00020DB7A /* GameScene.swift */,
				446E27A91B04CBA00020DB7A /* Images.xcassets */,
				446E27AB1B04CBA00020DB7A /* Planet.swift */,
				2E2547901B0C2D23008B63DC /* DecorationPlanet.swift */,
				2ED72F821B0A586800D5FA13 /* PlanetTouch.swift */,
				446E27BC1B04D9410020DB7A /* PathDot.swift */,
				2E5B84C61B1BD3E600E08FD5 /* Extensions */,
				446E27791B04CB220020DB7A /* Supporting Files */,
			);
			path = Orbit;
			sourceTree = "<group>";
		};
		446E27791B04CB220020DB7A /* Supporting Files */ = {
			isa = PBXGroup;
			children = (
				2E5B84CB1B1BEF8B00E08FD5 /* planet.png */,
				2E5B84C91B1BE59A00E08FD5 /* main menu planet.png */,
				446E277A1B04CB220020DB7A /* Info.plist */,
			);
			name = "Supporting Files";
			sourceTree = "<group>";
		};
		446E27921B04CB220020DB7A /* OrbitTests */ = {
			isa = PBXGroup;
			children = (
				446E27B61B04CC150020DB7A /* OrbitTests.swift */,
				446E27931B04CB220020DB7A /* Supporting Files */,
			);
			path = OrbitTests;
			sourceTree = SOURCE_ROOT;
		};
		446E27931B04CB220020DB7A /* Supporting Files */ = {
			isa = PBXGroup;
			children = (
				446E27B81B04CC1A0020DB7A /* Info.plist */,
			);
			name = "Supporting Files";
			sourceTree = "<group>";
		};
/* End PBXGroup section */

/* Begin PBXNativeTarget section */
		446E27751B04CB220020DB7A /* Orbit */ = {
			isa = PBXNativeTarget;
			buildConfigurationList = 446E27991B04CB220020DB7A /* Build configuration list for PBXNativeTarget "Orbit" */;
			buildPhases = (
				446E27721B04CB220020DB7A /* Sources */,
				446E27731B04CB220020DB7A /* Frameworks */,
				446E27741B04CB220020DB7A /* Resources */,
			);
			buildRules = (
			);
			dependencies = (
			);
			name = Orbit;
			productName = Orbit;
			productReference = 446E27761B04CB220020DB7A /* Orbit.app */;
			productType = "com.apple.product-type.application";
		};
		446E278E1B04CB220020DB7A /* OrbitTests */ = {
			isa = PBXNativeTarget;
			buildConfigurationList = 446E279C1B04CB220020DB7A /* Build configuration list for PBXNativeTarget "OrbitTests" */;
			buildPhases = (
				446E278B1B04CB220020DB7A /* Sources */,
				446E278C1B04CB220020DB7A /* Frameworks */,
				446E278D1B04CB220020DB7A /* Resources */,
			);
			buildRules = (
			);
			dependencies = (
				446E27911B04CB220020DB7A /* PBXTargetDependency */,
			);
			name = OrbitTests;
			productName = OrbitTests;
			productReference = 446E278F1B04CB220020DB7A /* OrbitTests.xctest */;
			productType = "com.apple.product-type.bundle.unit-test";
		};
/* End PBXNativeTarget section */

/* Begin PBXProject section */
		446E276E1B04CB220020DB7A /* Project object */ = {
			isa = PBXProject;
			attributes = {
				LastUpgradeCheck = 0630;
				ORGANIZATIONNAME = "Cal Stephens";
				TargetAttributes = {
					446E27751B04CB220020DB7A = {
						CreatedOnToolsVersion = 6.4;
					};
					446E278E1B04CB220020DB7A = {
						CreatedOnToolsVersion = 6.4;
						TestTargetID = 446E27751B04CB220020DB7A;
					};
				};
			};
			buildConfigurationList = 446E27711B04CB220020DB7A /* Build configuration list for PBXProject "Orbit" */;
			compatibilityVersion = "Xcode 3.2";
			developmentRegion = English;
			hasScannedForEncodings = 0;
			knownRegions = (
				en,
				Base,
			);
			mainGroup = 446E276D1B04CB220020DB7A;
			productRefGroup = 446E27771B04CB220020DB7A /* Products */;
			projectDirPath = "";
			projectRoot = "";
			targets = (
				446E27751B04CB220020DB7A /* Orbit */,
				446E278E1B04CB220020DB7A /* OrbitTests */,
			);
		};
/* End PBXProject section */

/* Begin PBXResourcesBuildPhase section */
		446E27741B04CB220020DB7A /* Resources */ = {
			isa = PBXResourcesBuildPhase;
			buildActionMask = 2147483647;
			files = (
				2ED72F801B0A55CA00D5FA13 /* LaunchScreen.xib in Resources */,
				2ED72F7E1B0A55C700D5FA13 /* Main.storyboard in Resources */,
				2E5B84CA1B1BE59A00E08FD5 /* main menu planet.png in Resources */,
				2E5B84CC1B1BEF8B00E08FD5 /* planet.png in Resources */,
				446E27B31B04CBA00020DB7A /* Images.xcassets in Resources */,
				446E27B01B04CBA00020DB7A /* GameScene.sks in Resources */,
			);
			runOnlyForDeploymentPostprocessing = 0;
		};
		446E278D1B04CB220020DB7A /* Resources */ = {
			isa = PBXResourcesBuildPhase;
			buildActionMask = 2147483647;
			files = (
			);
			runOnlyForDeploymentPostprocessing = 0;
		};
/* End PBXResourcesBuildPhase section */

/* Begin PBXSourcesBuildPhase section */
		446E27721B04CB220020DB7A /* Sources */ = {
			isa = PBXSourcesBuildPhase;
			buildActionMask = 2147483647;
			files = (
				2ED72F831B0A586800D5FA13 /* PlanetTouch.swift in Sources */,
				446E27B21B04CBA00020DB7A /* MainViewController.swift in Sources */,
				446E27BD1B04D9410020DB7A /* PathDot.swift in Sources */,
				446E27B11B04CBA00020DB7A /* GameScene.swift in Sources */,
				446E27AC1B04CBA00020DB7A /* AppDelegate.swift in Sources */,
				2E5B84C81B1BD40B00E08FD5 /* CAAnimationDelegate.swift in Sources */,
				2E2547911B0C2D23008B63DC /* DecorationPlanet.swift in Sources */,
				446E27AF1B04CBA00020DB7A /* CGPointVector.swift in Sources */,
				446E27B51B04CBA00020DB7A /* Planet.swift in Sources */,
			);
			runOnlyForDeploymentPostprocessing = 0;
		};
		446E278B1B04CB220020DB7A /* Sources */ = {
			isa = PBXSourcesBuildPhase;
			buildActionMask = 2147483647;
			files = (
				446E27B71B04CC150020DB7A /* OrbitTests.swift in Sources */,
			);
			runOnlyForDeploymentPostprocessing = 0;
		};
/* End PBXSourcesBuildPhase section */

/* Begin PBXTargetDependency section */
		446E27911B04CB220020DB7A /* PBXTargetDependency */ = {
			isa = PBXTargetDependency;
			target = 446E27751B04CB220020DB7A /* Orbit */;
			targetProxy = 446E27901B04CB220020DB7A /* PBXContainerItemProxy */;
		};
/* End PBXTargetDependency section */

/* Begin PBXVariantGroup section */
		446E27A11B04CBA00020DB7A /* LaunchScreen.xib */ = {
			isa = PBXVariantGroup;
			children = (
				446E27A21B04CBA00020DB7A /* Base */,
			);
			name = LaunchScreen.xib;
			path = Base.lproj;
			sourceTree = "<group>";
		};
		446E27A31B04CBA00020DB7A /* Main.storyboard */ = {
			isa = PBXVariantGroup;
			children = (
				446E27A41B04CBA00020DB7A /* Base */,
			);
			name = Main.storyboard;
			path = Base.lproj;
			sourceTree = "<group>";
		};
/* End PBXVariantGroup section */

/* Begin XCBuildConfiguration section */
		446E27971B04CB220020DB7A /* Debug */ = {
			isa = XCBuildConfiguration;
			buildSettings = {
				ALWAYS_SEARCH_USER_PATHS = NO;
				CLANG_CXX_LANGUAGE_STANDARD = "gnu++0x";
				CLANG_CXX_LIBRARY = "libc++";
				CLANG_ENABLE_MODULES = YES;
				CLANG_ENABLE_OBJC_ARC = YES;
				CLANG_WARN_BOOL_CONVERSION = YES;
				CLANG_WARN_CONSTANT_CONVERSION = YES;
				CLANG_WARN_DIRECT_OBJC_ISA_USAGE = YES_ERROR;
				CLANG_WARN_EMPTY_BODY = YES;
				CLANG_WARN_ENUM_CONVERSION = YES;
				CLANG_WARN_INT_CONVERSION = YES;
				CLANG_WARN_OBJC_ROOT_CLASS = YES_ERROR;
				CLANG_WARN_UNREACHABLE_CODE = YES;
				CLANG_WARN__DUPLICATE_METHOD_MATCH = YES;
				"CODE_SIGN_IDENTITY[sdk=iphoneos*]" = "iPhone Developer";
				COPY_PHASE_STRIP = NO;
				DEBUG_INFORMATION_FORMAT = "dwarf-with-dsym";
				ENABLE_STRICT_OBJC_MSGSEND = YES;
				GCC_C_LANGUAGE_STANDARD = gnu99;
				GCC_DYNAMIC_NO_PIC = NO;
				GCC_NO_COMMON_BLOCKS = YES;
				GCC_OPTIMIZATION_LEVEL = 0;
				GCC_PREPROCESSOR_DEFINITIONS = (
					"DEBUG=1",
					"$(inherited)",
				);
				GCC_SYMBOLS_PRIVATE_EXTERN = NO;
				GCC_WARN_64_TO_32_BIT_CONVERSION = YES;
				GCC_WARN_ABOUT_RETURN_TYPE = YES_ERROR;
				GCC_WARN_UNDECLARED_SELECTOR = YES;
				GCC_WARN_UNINITIALIZED_AUTOS = YES_AGGRESSIVE;
				GCC_WARN_UNUSED_FUNCTION = YES;
				GCC_WARN_UNUSED_VARIABLE = YES;
				IPHONEOS_DEPLOYMENT_TARGET = 8.4;
				MTL_ENABLE_DEBUG_INFO = YES;
				ONLY_ACTIVE_ARCH = YES;
				SDKROOT = iphoneos;
				SWIFT_OPTIMIZATION_LEVEL = "-Onone";
			};
			name = Debug;
		};
		446E27981B04CB220020DB7A /* Release */ = {
			isa = XCBuildConfiguration;
			buildSettings = {
				ALWAYS_SEARCH_USER_PATHS = NO;
				CLANG_CXX_LANGUAGE_STANDARD = "gnu++0x";
				CLANG_CXX_LIBRARY = "libc++";
				CLANG_ENABLE_MODULES = YES;
				CLANG_ENABLE_OBJC_ARC = YES;
				CLANG_WARN_BOOL_CONVERSION = YES;
				CLANG_WARN_CONSTANT_CONVERSION = YES;
				CLANG_WARN_DIRECT_OBJC_ISA_USAGE = YES_ERROR;
				CLANG_WARN_EMPTY_BODY = YES;
				CLANG_WARN_ENUM_CONVERSION = YES;
				CLANG_WARN_INT_CONVERSION = YES;
				CLANG_WARN_OBJC_ROOT_CLASS = YES_ERROR;
				CLANG_WARN_UNREACHABLE_CODE = YES;
				CLANG_WARN__DUPLICATE_METHOD_MATCH = YES;
				"CODE_SIGN_IDENTITY[sdk=iphoneos*]" = "iPhone Developer";
				COPY_PHASE_STRIP = NO;
				DEBUG_INFORMATION_FORMAT = "dwarf-with-dsym";
				ENABLE_NS_ASSERTIONS = NO;
				ENABLE_STRICT_OBJC_MSGSEND = YES;
				GCC_C_LANGUAGE_STANDARD = gnu99;
				GCC_NO_COMMON_BLOCKS = YES;
				GCC_WARN_64_TO_32_BIT_CONVERSION = YES;
				GCC_WARN_ABOUT_RETURN_TYPE = YES_ERROR;
				GCC_WARN_UNDECLARED_SELECTOR = YES;
				GCC_WARN_UNINITIALIZED_AUTOS = YES_AGGRESSIVE;
				GCC_WARN_UNUSED_FUNCTION = YES;
				GCC_WARN_UNUSED_VARIABLE = YES;
				IPHONEOS_DEPLOYMENT_TARGET = 8.4;
				MTL_ENABLE_DEBUG_INFO = NO;
				SDKROOT = iphoneos;
				VALIDATE_PRODUCT = YES;
			};
			name = Release;
		};
		446E279A1B04CB220020DB7A /* Debug */ = {
			isa = XCBuildConfiguration;
			buildSettings = {
				ASSETCATALOG_COMPILER_APPICON_NAME = AppIcon;
				CLANG_ENABLE_MODULES = YES;
				INFOPLIST_FILE = Orbit/Info.plist;
				IPHONEOS_DEPLOYMENT_TARGET = 8.0;
				LD_RUNPATH_SEARCH_PATHS = "$(inherited) @executable_path/Frameworks";
				PRODUCT_NAME = "$(TARGET_NAME)";
				SWIFT_OPTIMIZATION_LEVEL = "-Onone";
			};
			name = Debug;
		};
		446E279B1B04CB220020DB7A /* Release */ = {
			isa = XCBuildConfiguration;
			buildSettings = {
				ASSETCATALOG_COMPILER_APPICON_NAME = AppIcon;
				CLANG_ENABLE_MODULES = YES;
				INFOPLIST_FILE = Orbit/Info.plist;
				IPHONEOS_DEPLOYMENT_TARGET = 8.0;
				LD_RUNPATH_SEARCH_PATHS = "$(inherited) @executable_path/Frameworks";
				PRODUCT_NAME = "$(TARGET_NAME)";
			};
			name = Release;
		};
		446E279D1B04CB220020DB7A /* Debug */ = {
			isa = XCBuildConfiguration;
			buildSettings = {
				BUNDLE_LOADER = "$(TEST_HOST)";
				CLANG_ENABLE_MODULES = YES;
				FRAMEWORK_SEARCH_PATHS = (
					"$(SDKROOT)/Developer/Library/Frameworks",
					"$(inherited)",
				);
				GCC_PREPROCESSOR_DEFINITIONS = (
					"DEBUG=1",
					"$(inherited)",
				);
				INFOPLIST_FILE = OrbitTests/Info.plist;
				IPHONEOS_DEPLOYMENT_TARGET = 8.0;
				LD_RUNPATH_SEARCH_PATHS = "$(inherited) @executable_path/Frameworks @loader_path/Frameworks";
				PRODUCT_NAME = "$(TARGET_NAME)";
				SWIFT_OPTIMIZATION_LEVEL = "-Onone";
				TEST_HOST = "$(BUILT_PRODUCTS_DIR)/Orbit.app/Orbit";
			};
			name = Debug;
		};
		446E279E1B04CB220020DB7A /* Release */ = {
			isa = XCBuildConfiguration;
			buildSettings = {
				BUNDLE_LOADER = "$(TEST_HOST)";
				CLANG_ENABLE_MODULES = YES;
				FRAMEWORK_SEARCH_PATHS = (
					"$(SDKROOT)/Developer/Library/Frameworks",
					"$(inherited)",
				);
				INFOPLIST_FILE = OrbitTests/Info.plist;
				IPHONEOS_DEPLOYMENT_TARGET = 8.0;
				LD_RUNPATH_SEARCH_PATHS = "$(inherited) @executable_path/Frameworks @loader_path/Frameworks";
				PRODUCT_NAME = "$(TARGET_NAME)";
				TEST_HOST = "$(BUILT_PRODUCTS_DIR)/Orbit.app/Orbit";
			};
			name = Release;
		};
/* End XCBuildConfiguration section */

/* Begin XCConfigurationList section */
		446E27711B04CB220020DB7A /* Build configuration list for PBXProject "Orbit" */ = {
			isa = XCConfigurationList;
			buildConfigurations = (
				446E27971B04CB220020DB7A /* Debug */,
				446E27981B04CB220020DB7A /* Release */,
			);
			defaultConfigurationIsVisible = 0;
			defaultConfigurationName = Release;
		};
		446E27991B04CB220020DB7A /* Build configuration list for PBXNativeTarget "Orbit" */ = {
			isa = XCConfigurationList;
			buildConfigurations = (
				446E279A1B04CB220020DB7A /* Debug */,
				446E279B1B04CB220020DB7A /* Release */,
			);
			defaultConfigurationIsVisible = 0;
			defaultConfigurationName = Release;
		};
		446E279C1B04CB220020DB7A /* Build configuration list for PBXNativeTarget "OrbitTests" */ = {
			isa = XCConfigurationList;
			buildConfigurations = (
				446E279D1B04CB220020DB7A /* Debug */,
				446E279E1B04CB220020DB7A /* Release */,
			);
			defaultConfigurationIsVisible = 0;
			defaultConfigurationName = Release;
		};
/* End XCConfigurationList section */
	};
	rootObject = 446E276E1B04CB220020DB7A /* Project object */;
}
